// !$*UTF8*$!
{
	archiveVersion = 1;
	classes = {
	};
	objectVersion = 46;
	objects = {

/* Begin PBXBuildFile section */
		341F728B18F890940055331F /* Foundation.framework in Frameworks */ = {isa = PBXBuildFile; fileRef = 341F728A18F890940055331F /* Foundation.framework */; };
		341F728D18F890940055331F /* CoreGraphics.framework in Frameworks */ = {isa = PBXBuildFile; fileRef = 341F728C18F890940055331F /* CoreGraphics.framework */; };
		341F728F18F890940055331F /* UIKit.framework in Frameworks */ = {isa = PBXBuildFile; fileRef = 341F728E18F890940055331F /* UIKit.framework */; };
		341F729518F890940055331F /* InfoPlist.strings in Resources */ = {isa = PBXBuildFile; fileRef = 341F729318F890940055331F /* InfoPlist.strings */; };
		341F729718F890940055331F /* main.m in Sources */ = {isa = PBXBuildFile; fileRef = 341F729618F890940055331F /* main.m */; };
		341F729B18F890940055331F /* AppDelegate.m in Sources */ = {isa = PBXBuildFile; fileRef = 341F729A18F890940055331F /* AppDelegate.m */; };
		341F729E18F890940055331F /* Main.storyboard in Resources */ = {isa = PBXBuildFile; fileRef = 341F729C18F890940055331F /* Main.storyboard */; };
		341F72A118F890940055331F /* ViewController.m in Sources */ = {isa = PBXBuildFile; fileRef = 341F72A018F890940055331F /* ViewController.m */; };
		341F72A318F890940055331F /* Images.xcassets in Resources */ = {isa = PBXBuildFile; fileRef = 341F72A218F890940055331F /* Images.xcassets */; };
		341F72AA18F890940055331F /* XCTest.framework in Frameworks */ = {isa = PBXBuildFile; fileRef = 341F72A918F890940055331F /* XCTest.framework */; };
		341F72AB18F890940055331F /* Foundation.framework in Frameworks */ = {isa = PBXBuildFile; fileRef = 341F728A18F890940055331F /* Foundation.framework */; };
		341F72AC18F890940055331F /* UIKit.framework in Frameworks */ = {isa = PBXBuildFile; fileRef = 341F728E18F890940055331F /* UIKit.framework */; };
		341F72B418F890940055331F /* InfoPlist.strings in Resources */ = {isa = PBXBuildFile; fileRef = 341F72B218F890940055331F /* InfoPlist.strings */; };
		341F72B618F890940055331F /* MPSFollowButtonDemoTests.m in Sources */ = {isa = PBXBuildFile; fileRef = 341F72B518F890940055331F /* MPSFollowButtonDemoTests.m */; };
		341F72D618F890CF0055331F /* MPSFollowButton.m in Sources */ = {isa = PBXBuildFile; fileRef = 341F72D518F890CF0055331F /* MPSFollowButton.m */; };
/* End PBXBuildFile section */

/* Begin PBXContainerItemProxy section */
		341F72AD18F890940055331F /* PBXContainerItemProxy */ = {
			isa = PBXContainerItemProxy;
			containerPortal = 341F727F18F890940055331F /* Project object */;
			proxyType = 1;
			remoteGlobalIDString = 341F728618F890940055331F;
			remoteInfo = MPSFollowButtonDemo;
		};
/* End PBXContainerItemProxy section */

/* Begin PBXFileReference section */
		341F728718F890940055331F /* MPSFollowButtonDemo.app */ = {isa = PBXFileReference; explicitFileType = wrapper.application; includeInIndex = 0; path = MPSFollowButtonDemo.app; sourceTree = BUILT_PRODUCTS_DIR; };
		341F728A18F890940055331F /* Foundation.framework */ = {isa = PBXFileReference; lastKnownFileType = wrapper.framework; name = Foundation.framework; path = System/Library/Frameworks/Foundation.framework; sourceTree = SDKROOT; };
		341F728C18F890940055331F /* CoreGraphics.framework */ = {isa = PBXFileReference; lastKnownFileType = wrapper.framework; name = CoreGraphics.framework; path = System/Library/Frameworks/CoreGraphics.framework; sourceTree = SDKROOT; };
		341F728E18F890940055331F /* UIKit.framework */ = {isa = PBXFileReference; lastKnownFileType = wrapper.framework; name = UIKit.framework; path = System/Library/Frameworks/UIKit.framework; sourceTree = SDKROOT; };
		341F729218F890940055331F /* MPSFollowButtonDemo-Info.plist */ = {isa = PBXFileReference; lastKnownFileType = text.plist.xml; path = "MPSFollowButtonDemo-Info.plist"; sourceTree = "<group>"; };
		341F729418F890940055331F /* en */ = {isa = PBXFileReference; lastKnownFileType = text.plist.strings; name = en; path = en.lproj/InfoPlist.strings; sourceTree = "<group>"; };
		341F729618F890940055331F /* main.m */ = {isa = PBXFileReference; lastKnownFileType = sourcecode.c.objc; path = main.m; sourceTree = "<group>"; };
		341F729818F890940055331F /* MPSFollowButtonDemo-Prefix.pch */ = {isa = PBXFileReference; lastKnownFileType = sourcecode.c.h; path = "MPSFollowButtonDemo-Prefix.pch"; sourceTree = "<group>"; };
		341F729918F890940055331F /* AppDelegate.h */ = {isa = PBXFileReference; lastKnownFileType = sourcecode.c.h; path = AppDelegate.h; sourceTree = "<group>"; };
		341F729A18F890940055331F /* AppDelegate.m */ = {isa = PBXFileReference; lastKnownFileType = sourcecode.c.objc; path = AppDelegate.m; sourceTree = "<group>"; };
		341F729D18F890940055331F /* Base */ = {isa = PBXFileReference; lastKnownFileType = file.storyboard; name = Base; path = Base.lproj/Main.storyboard; sourceTree = "<group>"; };
		341F729F18F890940055331F /* ViewController.h */ = {isa = PBXFileReference; lastKnownFileType = sourcecode.c.h; path = ViewController.h; sourceTree = "<group>"; };
		341F72A018F890940055331F /* ViewController.m */ = {isa = PBXFileReference; lastKnownFileType = sourcecode.c.objc; path = ViewController.m; sourceTree = "<group>"; };
		341F72A218F890940055331F /* Images.xcassets */ = {isa = PBXFileReference; lastKnownFileType = folder.assetcatalog; path = Images.xcassets; sourceTree = "<group>"; };
		341F72A818F890940055331F /* MPSFollowButtonDemoTests.xctest */ = {isa = PBXFileReference; explicitFileType = wrapper.cfbundle; includeInIndex = 0; path = MPSFollowButtonDemoTests.xctest; sourceTree = BUILT_PRODUCTS_DIR; };
		341F72A918F890940055331F /* XCTest.framework */ = {isa = PBXFileReference; lastKnownFileType = wrapper.framework; name = XCTest.framework; path = Library/Frameworks/XCTest.framework; sourceTree = DEVELOPER_DIR; };
		341F72B118F890940055331F /* MPSFollowButtonDemoTests-Info.plist */ = {isa = PBXFileReference; lastKnownFileType = text.plist.xml; path = "MPSFollowButtonDemoTests-Info.plist"; sourceTree = "<group>"; };
		341F72B318F890940055331F /* en */ = {isa = PBXFileReference; lastKnownFileType = text.plist.strings; name = en; path = en.lproj/InfoPlist.strings; sourceTree = "<group>"; };
		341F72B518F890940055331F /* MPSFollowButtonDemoTests.m */ = {isa = PBXFileReference; lastKnownFileType = sourcecode.c.objc; path = MPSFollowButtonDemoTests.m; sourceTree = "<group>"; };
		341F72D418F890CF0055331F /* MPSFollowButton.h */ = {isa = PBXFileReference; fileEncoding = 4; lastKnownFileType = sourcecode.c.h; path = MPSFollowButton.h; sourceTree = "<group>"; };
		341F72D518F890CF0055331F /* MPSFollowButton.m */ = {isa = PBXFileReference; fileEncoding = 4; lastKnownFileType = sourcecode.c.objc; path = MPSFollowButton.m; sourceTree = "<group>"; };
/* End PBXFileReference section */

/* Begin PBXFrameworksBuildPhase section */
		341F728418F890940055331F /* Frameworks */ = {
			isa = PBXFrameworksBuildPhase;
			buildActionMask = 2147483647;
			files = (
				341F728D18F890940055331F /* CoreGraphics.framework in Frameworks */,
				341F728F18F890940055331F /* UIKit.framework in Frameworks */,
				341F728B18F890940055331F /* Foundation.framework in Frameworks */,
			);
			runOnlyForDeploymentPostprocessing = 0;
		};
		341F72A518F890940055331F /* Frameworks */ = {
			isa = PBXFrameworksBuildPhase;
			buildActionMask = 2147483647;
			files = (
				341F72AA18F890940055331F /* XCTest.framework in Frameworks */,
				341F72AC18F890940055331F /* UIKit.framework in Frameworks */,
				341F72AB18F890940055331F /* Foundation.framework in Frameworks */,
			);
			runOnlyForDeploymentPostprocessing = 0;
		};
/* End PBXFrameworksBuildPhase section */

/* Begin PBXGroup section */
		341F727E18F890940055331F = {
			isa = PBXGroup;
			children = (
				341F72D318F890BF0055331F /* MPSFollowButton */,
				341F729018F890940055331F /* MPSFollowButtonDemo */,
				341F72AF18F890940055331F /* MPSFollowButtonDemoTests */,
				341F728918F890940055331F /* Frameworks */,
				341F728818F890940055331F /* Products */,
			);
			sourceTree = "<group>";
		};
		341F728818F890940055331F /* Products */ = {
			isa = PBXGroup;
			children = (
				341F728718F890940055331F /* MPSFollowButtonDemo.app */,
				341F72A818F890940055331F /* MPSFollowButtonDemoTests.xctest */,
			);
			name = Products;
			sourceTree = "<group>";
		};
		341F728918F890940055331F /* Frameworks */ = {
			isa = PBXGroup;
			children = (
				341F728A18F890940055331F /* Foundation.framework */,
				341F728C18F890940055331F /* CoreGraphics.framework */,
				341F728E18F890940055331F /* UIKit.framework */,
				341F72A918F890940055331F /* XCTest.framework */,
			);
			name = Frameworks;
			sourceTree = "<group>";
		};
		341F729018F890940055331F /* MPSFollowButtonDemo */ = {
			isa = PBXGroup;
			children = (
				341F729918F890940055331F /* AppDelegate.h */,
				341F729A18F890940055331F /* AppDelegate.m */,
				341F729C18F890940055331F /* Main.storyboard */,
				341F729F18F890940055331F /* ViewController.h */,
				341F72A018F890940055331F /* ViewController.m */,
				341F72A218F890940055331F /* Images.xcassets */,
				341F729118F890940055331F /* Supporting Files */,
			);
			path = MPSFollowButtonDemo;
			sourceTree = "<group>";
		};
		341F729118F890940055331F /* Supporting Files */ = {
			isa = PBXGroup;
			children = (
				341F729218F890940055331F /* MPSFollowButtonDemo-Info.plist */,
				341F729318F890940055331F /* InfoPlist.strings */,
				341F729618F890940055331F /* main.m */,
				341F729818F890940055331F /* MPSFollowButtonDemo-Prefix.pch */,
			);
			name = "Supporting Files";
			sourceTree = "<group>";
		};
		341F72AF18F890940055331F /* MPSFollowButtonDemoTests */ = {
			isa = PBXGroup;
			children = (
				341F72B518F890940055331F /* MPSFollowButtonDemoTests.m */,
				341F72B018F890940055331F /* Supporting Files */,
			);
			path = MPSFollowButtonDemoTests;
			sourceTree = "<group>";
		};
		341F72B018F890940055331F /* Supporting Files */ = {
			isa = PBXGroup;
			children = (
				341F72B118F890940055331F /* MPSFollowButtonDemoTests-Info.plist */,
				341F72B218F890940055331F /* InfoPlist.strings */,
			);
			name = "Supporting Files";
			sourceTree = "<group>";
		};
		341F72D318F890BF0055331F /* MPSFollowButton */ = {
			isa = PBXGroup;
			children = (
				341F72D418F890CF0055331F /* MPSFollowButton.h */,
				341F72D518F890CF0055331F /* MPSFollowButton.m */,
			);
			name = MPSFollowButton;
			path = ../MPSFollowButton;
			sourceTree = "<group>";
		};
/* End PBXGroup section */

/* Begin PBXNativeTarget section */
		341F728618F890940055331F /* MPSFollowButtonDemo */ = {
			isa = PBXNativeTarget;
			buildConfigurationList = 341F72B918F890940055331F /* Build configuration list for PBXNativeTarget "MPSFollowButtonDemo" */;
			buildPhases = (
				341F728318F890940055331F /* Sources */,
				341F728418F890940055331F /* Frameworks */,
				341F728518F890940055331F /* Resources */,
			);
			buildRules = (
			);
			dependencies = (
			);
			name = MPSFollowButtonDemo;
			productName = MPSFollowButtonDemo;
			productReference = 341F728718F890940055331F /* MPSFollowButtonDemo.app */;
			productType = "com.apple.product-type.application";
		};
		341F72A718F890940055331F /* MPSFollowButtonDemoTests */ = {
			isa = PBXNativeTarget;
			buildConfigurationList = 341F72BC18F890940055331F /* Build configuration list for PBXNativeTarget "MPSFollowButtonDemoTests" */;
			buildPhases = (
				341F72A418F890940055331F /* Sources */,
				341F72A518F890940055331F /* Frameworks */,
				341F72A618F890940055331F /* Resources */,
			);
			buildRules = (
			);
			dependencies = (
				341F72AE18F890940055331F /* PBXTargetDependency */,
			);
			name = MPSFollowButtonDemoTests;
			productName = MPSFollowButtonDemoTests;
			productReference = 341F72A818F890940055331F /* MPSFollowButtonDemoTests.xctest */;
			productType = "com.apple.product-type.bundle.unit-test";
		};
/* End PBXNativeTarget section */

/* Begin PBXProject section */
		341F727F18F890940055331F /* Project object */ = {
			isa = PBXProject;
			attributes = {
				LastUpgradeCheck = 0510;
				ORGANIZATIONNAME = "Idle Fusion";
				TargetAttributes = {
					341F72A718F890940055331F = {
						TestTargetID = 341F728618F890940055331F;
					};
				};
			};
			buildConfigurationList = 341F728218F890940055331F /* Build configuration list for PBXProject "MPSFollowButtonDemo" */;
			compatibilityVersion = "Xcode 3.2";
			developmentRegion = English;
			hasScannedForEncodings = 0;
			knownRegions = (
				en,
				Base,
			);
			mainGroup = 341F727E18F890940055331F;
			productRefGroup = 341F728818F890940055331F /* Products */;
			projectDirPath = "";
			projectRoot = "";
			targets = (
				341F728618F890940055331F /* MPSFollowButtonDemo */,
				341F72A718F890940055331F /* MPSFollowButtonDemoTests */,
			);
		};
/* End PBXProject section */

/* Begin PBXResourcesBuildPhase section */
		341F728518F890940055331F /* Resources */ = {
			isa = PBXResourcesBuildPhase;
			buildActionMask = 2147483647;
			files = (
				341F72A318F890940055331F /* Images.xcassets in Resources */,
				341F729518F890940055331F /* InfoPlist.strings in Resources */,
				341F729E18F890940055331F /* Main.storyboard in Resources */,
			);
			runOnlyForDeploymentPostprocessing = 0;
		};
		341F72A618F890940055331F /* Resources */ = {
			isa = PBXResourcesBuildPhase;
			buildActionMask = 2147483647;
			files = (
				341F72B418F890940055331F /* InfoPlist.strings in Resources */,
			);
			runOnlyForDeploymentPostprocessing = 0;
		};
/* End PBXResourcesBuildPhase section */

/* Begin PBXSourcesBuildPhase section */
		341F728318F890940055331F /* Sources */ = {
			isa = PBXSourcesBuildPhase;
			buildActionMask = 2147483647;
			files = (
				341F72A118F890940055331F /* ViewController.m in Sources */,
				341F729B18F890940055331F /* AppDelegate.m in Sources */,
				341F729718F890940055331F /* main.m in Sources */,
				341F72D618F890CF0055331F /* MPSFollowButton.m in Sources */,
			);
			runOnlyForDeploymentPostprocessing = 0;
		};
		341F72A418F890940055331F /* Sources */ = {
			isa = PBXSourcesBuildPhase;
			buildActionMask = 2147483647;
			files = (
				341F72B618F890940055331F /* MPSFollowButtonDemoTests.m in Sources */,
			);
			runOnlyForDeploymentPostprocessing = 0;
		};
/* End PBXSourcesBuildPhase section */

/* Begin PBXTargetDependency section */
		341F72AE18F890940055331F /* PBXTargetDependency */ = {
			isa = PBXTargetDependency;
			target = 341F728618F890940055331F /* MPSFollowButtonDemo */;
			targetProxy = 341F72AD18F890940055331F /* PBXContainerItemProxy */;
		};
/* End PBXTargetDependency section */

/* Begin PBXVariantGroup section */
		341F729318F890940055331F /* InfoPlist.strings */ = {
			isa = PBXVariantGroup;
			children = (
				341F729418F890940055331F /* en */,
			);
			name = InfoPlist.strings;
			sourceTree = "<group>";
		};
		341F729C18F890940055331F /* Main.storyboard */ = {
			isa = PBXVariantGroup;
			children = (
				341F729D18F890940055331F /* Base */,
			);
			name = Main.storyboard;
			sourceTree = "<group>";
		};
		341F72B218F890940055331F /* InfoPlist.strings */ = {
			isa = PBXVariantGroup;
			children = (
				341F72B318F890940055331F /* en */,
			);
			name = InfoPlist.strings;
			sourceTree = "<group>";
		};
/* End PBXVariantGroup section */

/* Begin XCBuildConfiguration section */
		341F72B718F890940055331F /* Debug */ = {
			isa = XCBuildConfiguration;
			buildSettings = {
				ALWAYS_SEARCH_USER_PATHS = NO;
				CLANG_CXX_LANGUAGE_STANDARD = "gnu++0x";
				CLANG_CXX_LIBRARY = "libc++";
				CLANG_ENABLE_MODULES = YES;
				CLANG_ENABLE_OBJC_ARC = YES;
				CLANG_WARN_BOOL_CONVERSION = YES;
				CLANG_WARN_CONSTANT_CONVERSION = YES;
				CLANG_WARN_DIRECT_OBJC_ISA_USAGE = YES_ERROR;
				CLANG_WARN_EMPTY_BODY = YES;
				CLANG_WARN_ENUM_CONVERSION = YES;
				CLANG_WARN_INT_CONVERSION = YES;
				CLANG_WARN_OBJC_ROOT_CLASS = YES_ERROR;
				CLANG_WARN__DUPLICATE_METHOD_MATCH = YES;
				"CODE_SIGN_IDENTITY[sdk=iphoneos*]" = "iPhone Developer";
				COPY_PHASE_STRIP = NO;
				GCC_C_LANGUAGE_STANDARD = gnu99;
				GCC_DYNAMIC_NO_PIC = NO;
				GCC_OPTIMIZATION_LEVEL = 0;
				GCC_PREPROCESSOR_DEFINITIONS = (
					"DEBUG=1",
					"$(inherited)",
				);
				GCC_SYMBOLS_PRIVATE_EXTERN = NO;
				GCC_WARN_64_TO_32_BIT_CONVERSION = YES;
				GCC_WARN_ABOUT_RETURN_TYPE = YES_ERROR;
				GCC_WARN_UNDECLARED_SELECTOR = YES;
				GCC_WARN_UNINITIALIZED_AUTOS = YES_AGGRESSIVE;
				GCC_WARN_UNUSED_FUNCTION = YES;
				GCC_WARN_UNUSED_VARIABLE = YES;
				IPHONEOS_DEPLOYMENT_TARGET = 7.1;
				ONLY_ACTIVE_ARCH = YES;
				SDKROOT = iphoneos;
			};
			name = Debug;
		};
		341F72B818F890940055331F /* Release */ = {
			isa = XCBuildConfiguration;
			buildSettings = {
				ALWAYS_SEARCH_USER_PATHS = NO;
				CLANG_CXX_LANGUAGE_STANDARD = "gnu++0x";
				CLANG_CXX_LIBRARY = "libc++";
				CLANG_ENABLE_MODULES = YES;
				CLANG_ENABLE_OBJC_ARC = YES;
				CLANG_WARN_BOOL_CONVERSION = YES;
				CLANG_WARN_CONSTANT_CONVERSION = YES;
				CLANG_WARN_DIRECT_OBJC_ISA_USAGE = YES_ERROR;
				CLANG_WARN_EMPTY_BODY = YES;
				CLANG_WARN_ENUM_CONVERSION = YES;
				CLANG_WARN_INT_CONVERSION = YES;
				CLANG_WARN_OBJC_ROOT_CLASS = YES_ERROR;
				CLANG_WARN__DUPLICATE_METHOD_MATCH = YES;
				"CODE_SIGN_IDENTITY[sdk=iphoneos*]" = "iPhone Developer";
				COPY_PHASE_STRIP = YES;
				ENABLE_NS_ASSERTIONS = NO;
				GCC_C_LANGUAGE_STANDARD = gnu99;
				GCC_WARN_64_TO_32_BIT_CONVERSION = YES;
				GCC_WARN_ABOUT_RETURN_TYPE = YES_ERROR;
				GCC_WARN_UNDECLARED_SELECTOR = YES;
				GCC_WARN_UNINITIALIZED_AUTOS = YES_AGGRESSIVE;
				GCC_WARN_UNUSED_FUNCTION = YES;
				GCC_WARN_UNUSED_VARIABLE = YES;
				IPHONEOS_DEPLOYMENT_TARGET = 7.1;
				SDKROOT = iphoneos;
				VALIDATE_PRODUCT = YES;
			};
			name = Release;
		};
		341F72BA18F890940055331F /* Debug */ = {
			isa = XCBuildConfiguration;
			buildSettings = {
				ASSETCATALOG_COMPILER_APPICON_NAME = AppIcon;
				ASSETCATALOG_COMPILER_LAUNCHIMAGE_NAME = LaunchImage;
				GCC_PRECOMPILE_PREFIX_HEADER = YES;
				GCC_PREFIX_HEADER = "MPSFollowButtonDemo/MPSFollowButtonDemo-Prefix.pch";
				INFOPLIST_FILE = "MPSFollowButtonDemo/MPSFollowButtonDemo-Info.plist";
				PRODUCT_NAME = "$(TARGET_NAME)";
				WRAPPER_EXTENSION = app;
			};
			name = Debug;
		};
		341F72BB18F890940055331F /* Release */ = {
			isa = XCBuildConfiguration;
			buildSettings = {
				ASSETCATALOG_COMPILER_APPICON_NAME = AppIcon;
				ASSETCATALOG_COMPILER_LAUNCHIMAGE_NAME = LaunchImage;
				GCC_PRECOMPILE_PREFIX_HEADER = YES;
				GCC_PREFIX_HEADER = "MPSFollowButtonDemo/MPSFollowButtonDemo-Prefix.pch";
				INFOPLIST_FILE = "MPSFollowButtonDemo/MPSFollowButtonDemo-Info.plist";
				PRODUCT_NAME = "$(TARGET_NAME)";
				WRAPPER_EXTENSION = app;
			};
			name = Release;
		};
		341F72BD18F890940055331F /* Debug */ = {
			isa = XCBuildConfiguration;
			buildSettings = {
				BUNDLE_LOADER = "$(BUILT_PRODUCTS_DIR)/MPSFollowButtonDemo.app/MPSFollowButtonDemo";
				FRAMEWORK_SEARCH_PATHS = (
					"$(SDKROOT)/Developer/Library/Frameworks",
					"$(inherited)",
					"$(DEVELOPER_FRAMEWORKS_DIR)",
				);
				GCC_PRECOMPILE_PREFIX_HEADER = YES;
				GCC_PREFIX_HEADER = "MPSFollowButtonDemo/MPSFollowButtonDemo-Prefix.pch";
				GCC_PREPROCESSOR_DEFINITIONS = (
					"DEBUG=1",
					"$(inherited)",
				);
				INFOPLIST_FILE = "MPSFollowButtonDemoTests/MPSFollowButtonDemoTests-Info.plist";
				PRODUCT_NAME = "$(TARGET_NAME)";
				TEST_HOST = "$(BUNDLE_LOADER)";
				WRAPPER_EXTENSION = xctest;
			};
			name = Debug;
		};
		341F72BE18F890940055331F /* Release */ = {
			isa = XCBuildConfiguration;
			buildSettings = {
				BUNDLE_LOADER = "$(BUILT_PRODUCTS_DIR)/MPSFollowButtonDemo.app/MPSFollowButtonDemo";
				FRAMEWORK_SEARCH_PATHS = (
					"$(SDKROOT)/Developer/Library/Frameworks",
					"$(inherited)",
					"$(DEVELOPER_FRAMEWORKS_DIR)",
				);
				GCC_PRECOMPILE_PREFIX_HEADER = YES;
				GCC_PREFIX_HEADER = "MPSFollowButtonDemo/MPSFollowButtonDemo-Prefix.pch";
				INFOPLIST_FILE = "MPSFollowButtonDemoTests/MPSFollowButtonDemoTests-Info.plist";
				PRODUCT_NAME = "$(TARGET_NAME)";
				TEST_HOST = "$(BUNDLE_LOADER)";
				WRAPPER_EXTENSION = xctest;
			};
			name = Release;
		};
/* End XCBuildConfiguration section */

/* Begin XCConfigurationList section */
		341F728218F890940055331F /* Build configuration list for PBXProject "MPSFollowButtonDemo" */ = {
			isa = XCConfigurationList;
			buildConfigurations = (
				341F72B718F890940055331F /* Debug */,
				341F72B818F890940055331F /* Release */,
			);
			defaultConfigurationIsVisible = 0;
			defaultConfigurationName = Release;
		};
		341F72B918F890940055331F /* Build configuration list for PBXNativeTarget "MPSFollowButtonDemo" */ = {
			isa = XCConfigurationList;
			buildConfigurations = (
				341F72BA18F890940055331F /* Debug */,
				341F72BB18F890940055331F /* Release */,
			);
			defaultConfigurationIsVisible = 0;
		};
		341F72BC18F890940055331F /* Build configuration list for PBXNativeTarget "MPSFollowButtonDemoTests" */ = {
			isa = XCConfigurationList;
			buildConfigurations = (
				341F72BD18F890940055331F /* Debug */,
				341F72BE18F890940055331F /* Release */,
			);
			defaultConfigurationIsVisible = 0;
		};
/* End XCConfigurationList section */
	};
	rootObject = 341F727F18F890940055331F /* Project object */;
}
